<?xml version="1.0" encoding="utf-8"?>
<Project ToolsVersion="4.0" xmlns="http://schemas.microsoft.com/developer/msbuild/2003">
  <ItemGroup>
    <Filter Include="Archivos de origen">
      <UniqueIdentifier>{4FC737F1-C7A5-4376-A066-2A32D752A2FF}</UniqueIdentifier>
      <Extensions>cpp;c;cc;cxx;c++;cppm;ixx;def;odl;idl;hpj;bat;asm;asmx</Extensions>
    </Filter>
    <Filter Include="Archivos de encabezado">
      <UniqueIdentifier>{93995380-89BD-4b04-88EB-625FBE52EBFB}</UniqueIdentifier>
      <Extensions>h;hh;hpp;hxx;h++;hm;inl;inc;ipp;xsd</Extensions>
    </Filter>
    <Filter Include="Archivos de recursos">
      <UniqueIdentifier>{67DA6AB6-F800-4c08-8B7A-83BB121AAD01}</UniqueIdentifier>
      <Extensions>rc;ico;cur;bmp;dlg;rc2;rct;bin;rgs;gif;jpg;jpeg;jpe;resx;tiff;tif;png;wav;mfcribbon-ms</Extensions>
    </Filter>
  </ItemGroup>
  <ItemGroup>
    <ClCompile Include="main.cpp">
      <Filter>Archivos de origen</Filter>
    </ClCompile>
    <ClCompile Include="frmPrincipal.cpp">
      <Filter>Archivos de encabezado</Filter>
    </ClCompile>
    <ClCompile Include="frmMantenimientoProyectos.cpp">
      <Filter>Archivos de encabezado</Filter>
    </ClCompile>
    <ClCompile Include="frmNuevoProyecto.cpp">
      <Filter>Archivos de encabezado</Filter>
    </ClCompile>
    <ClCompile Include="frmEditarProyecto.cpp">
      <Filter>Archivos de encabezado</Filter>
    </ClCompile>
    <ClCompile Include="frmIngresoAdmin.cpp">
      <Filter>Archivos de encabezado</Filter>
    </ClCompile>
    <ClCompile Include="frmRegistroAdmin.cpp">
      <Filter>Archivos de encabezado</Filter>
    </ClCompile>
    <ClCompile Include="frmAdministrarUsuarios.cpp">
      <Filter>Archivos de encabezado</Filter>
    </ClCompile>
    <ClCompile Include="frmNuevoUsuario.cpp">
      <Filter>Archivos de encabezado</Filter>
    </ClCompile>
    <ClCompile Include="frmEditarUsuario.cpp">
      <Filter>Archivos de encabezado</Filter>
    </ClCompile>
    <ClCompile Include="frmVerUsuario.cpp">
      <Filter>Archivos de encabezado</Filter>
    </ClCompile>
    <ClCompile Include="frmReporteNroEdificiosProyecto.cpp">
      <Filter>Archivos de encabezado</Filter>
    </ClCompile>
    <ClCompile Include="frmReporteNroUsuarios.cpp">
      <Filter>Archivos de encabezado</Filter>
    </ClCompile>
    <ClCompile Include="VerListaEdificios.cpp">
      <Filter>Archivos de encabezado</Filter>
    </ClCompile>
    <ClCompile Include="frmVerProyecto.cpp">
      <Filter>Archivos de encabezado</Filter>
    </ClCompile>
    <ClCompile Include="Inicio.cpp">
      <Filter>Archivos de encabezado</Filter>
    </ClCompile>
    <ClCompile Include="IngresoUsuario.cpp">
      <Filter>Archivos de encabezado</Filter>
    </ClCompile>
    <ClCompile Include="frmConfirmacionAdmin.cpp">
      <Filter>Archivos de encabezado</Filter>
    </ClCompile>
    <ClCompile Include="frmVistaUsuario.cpp">
      <Filter>Archivos de encabezado</Filter>
    </ClCompile>
    <ClCompile Include="SolicitudCambioDato.cpp">
      <Filter>Archivos de encabezado</Filter>
    </ClCompile>
    <ClCompile Include="ventanaDeCambios.cpp">
      <Filter>Archivos de encabezado</Filter>
    </ClCompile>
    <ClCompile Include="frmControlSeguridad.cpp">
      <Filter>Archivos de origen</Filter>
    </ClCompile>
    <ClCompile Include="frmEditarEmergencia.cpp">
      <Filter>Archivos de origen</Filter>
    </ClCompile>
    <ClCompile Include="frmEditarIntruso.cpp">
      <Filter>Archivos de origen</Filter>
    </ClCompile>
    <ClCompile Include="frmRegistroEmergencias.cpp">
      <Filter>Archivos de origen</Filter>
    </ClCompile>
    <ClCompile Include="frmRegistroIntrusos.cpp">
      <Filter>Archivos de origen</Filter>
    </ClCompile>
    <ClCompile Include="frmVerEmergencia.cpp">
      <Filter>Archivos de origen</Filter>
    </ClCompile>
    <ClCompile Include="frmVerIntruso.cpp">
      <Filter>Archivos de origen</Filter>
    </ClCompile>
    <ClCompile Include="frmIngresoSeguridad.cpp">
      <Filter>Archivos de encabezado</Filter>
    </ClCompile>
  </ItemGroup>
  <ItemGroup>
    <ClInclude Include="frmPrincipal.h">
      <Filter>Archivos de encabezado</Filter>
    </ClInclude>
    <ClInclude Include="frmMantenimientoProyectos.h">
      <Filter>Archivos de encabezado</Filter>
    </ClInclude>
    <ClInclude Include="frmNuevoProyecto.h">
      <Filter>Archivos de encabezado</Filter>
    </ClInclude>
    <ClInclude Include="frmEditarProyecto.h">
      <Filter>Archivos de encabezado</Filter>
    </ClInclude>
    <ClInclude Include="frmIngresoAdmin.h">
      <Filter>Archivos de encabezado</Filter>
    </ClInclude>
    <ClInclude Include="frmRegistroAdmin.h">
      <Filter>Archivos de encabezado</Filter>
    </ClInclude>
    <ClInclude Include="frmAdministrarUsuarios.h">
      <Filter>Archivos de encabezado</Filter>
    </ClInclude>
    <ClInclude Include="frmNuevoUsuario.h">
      <Filter>Archivos de encabezado</Filter>
    </ClInclude>
    <ClInclude Include="frmEditarUsuario.h">
      <Filter>Archivos de encabezado</Filter>
    </ClInclude>
    <ClInclude Include="frmVerUsuario.h">
      <Filter>Archivos de encabezado</Filter>
    </ClInclude>
    <ClInclude Include="frmReporteNroEdificiosProyecto.h">
      <Filter>Archivos de encabezado</Filter>
    </ClInclude>
    <ClInclude Include="frmReporteNroUsuarios.h">
      <Filter>Archivos de encabezado</Filter>
    </ClInclude>
    <ClInclude Include="VerListaEdificios.h">
      <Filter>Archivos de encabezado</Filter>
    </ClInclude>
    <ClInclude Include="frmVerProyecto.h">
      <Filter>Archivos de encabezado</Filter>
    </ClInclude>
    <ClInclude Include="Inicio.h">
      <Filter>Archivos de encabezado</Filter>
    </ClInclude>
    <ClInclude Include="IngresoUsuario.h">
      <Filter>Archivos de encabezado</Filter>
    </ClInclude>
    <ClInclude Include="frmConfirmacionAdmin.h">
      <Filter>Archivos de encabezado</Filter>
    </ClInclude>
    <ClInclude Include="frmVistaUsuario.h">
      <Filter>Archivos de encabezado</Filter>
    </ClInclude>
    <ClInclude Include="SolicitudCambioDato.h">
      <Filter>Archivos de encabezado</Filter>
    </ClInclude>
    <ClInclude Include="ventanaDeCambios.h">
      <Filter>Archivos de encabezado</Filter>
    </ClInclude>
    <ClInclude Include="frmControlSeguridad.h">
      <Filter>Archivos de encabezado</Filter>
    </ClInclude>
    <ClInclude Include="frmEditarEmergencia.h">
      <Filter>Archivos de encabezado</Filter>
    </ClInclude>
    <ClInclude Include="frmEditarIntruso.h">
      <Filter>Archivos de encabezado</Filter>
    </ClInclude>
    <ClInclude Include="frmRegistroEmergencias.h">
      <Filter>Archivos de encabezado</Filter>
    </ClInclude>
    <ClInclude Include="frmRegistroIntrusos.h">
      <Filter>Archivos de encabezado</Filter>
    </ClInclude>
    <ClInclude Include="frmVerEmergencia.h">
      <Filter>Archivos de encabezado</Filter>
    </ClInclude>
    <ClInclude Include="frmVerIntruso.h">
      <Filter>Archivos de encabezado</Filter>
    </ClInclude>
    <ClInclude Include="frmIngresoSeguridad.h">
      <Filter>Archivos de encabezado</Filter>
    </ClInclude>
  </ItemGroup>
</Project>