
Microsoft Visual Studio Solution File, Format Version 12.00
# Visual Studio Version 17
VisualStudioVersion = 17.7.34003.232
MinimumVisualStudioVersion = 10.0.40219.1
Project("{8BC9CEB8-8B4A-11D0-8D11-00A0C91BC942}") = "ProyectoControlCondominioModel", "ProyectoControlCondominio\ProyectoControlCondominio.vcxproj", "{AEACEEEC-C01F-4078-AC60-E65ADF5FE4B8}"
EndProject
Project("{8BC9CEB8-8B4A-11D0-8D11-00A0C91BC942}") = "ProyectoControlCondominioView", "ProyectoControlCondominioView\ProyectoControlCondominioView.vcxproj", "{9067DE12-9B95-418E-B797-51D76734F392}"
EndProject
Project("{8BC9CEB8-8B4A-11D0-8D11-00A0C91BC942}") = "ProyectoControlCondominioController", "ProyectoControlCondominioController\ProyectoControlCondominioController.vcxproj", "{06309076-CA84-4A5D-8678-EEABAE2946BB}"
EndProject
Global
	GlobalSection(SolutionConfigurationPlatforms) = preSolution
		Debug|x64 = Debug|x64
		Debug|x86 = Debug|x86
		Release|x64 = Release|x64
		Release|x86 = Release|x86
	EndGlobalSection
	GlobalSection(ProjectConfigurationPlatforms) = postSolution
		{AEACEEEC-C01F-4078-AC60-E65ADF5FE4B8}.Debug|x64.ActiveCfg = Debug|x64
		{AEACEEEC-C01F-4078-AC60-E65ADF5FE4B8}.Debug|x64.Build.0 = Debug|x64
		{AEACEEEC-C01F-4078-AC60-E65ADF5FE4B8}.Debug|x86.ActiveCfg = Debug|Win32
		{AEACEEEC-C01F-4078-AC60-E65ADF5FE4B8}.Debug|x86.Build.0 = Debug|Win32
		{AEACEEEC-C01F-4078-AC60-E65ADF5FE4B8}.Release|x64.ActiveCfg = Release|x64
		{AEACEEEC-C01F-4078-AC60-E65ADF5FE4B8}.Release|x64.Build.0 = Release|x64
		{AEACEEEC-C01F-4078-AC60-E65ADF5FE4B8}.Release|x86.ActiveCfg = Release|Win32
		{AEACEEEC-C01F-4078-AC60-E65ADF5FE4B8}.Release|x86.Build.0 = Release|Win32
		{9067DE12-9B95-418E-B797-51D76734F392}.Debug|x64.ActiveCfg = Debug|x64
		{9067DE12-9B95-418E-B797-51D76734F392}.Debug|x64.Build.0 = Debug|x64
		{9067DE12-9B95-418E-B797-51D76734F392}.Debug|x86.ActiveCfg = Debug|Win32
		{9067DE12-9B95-418E-B797-51D76734F392}.Debug|x86.Build.0 = Debug|Win32
		{9067DE12-9B95-418E-B797-51D76734F392}.Release|x64.ActiveCfg = Release|x64
		{9067DE12-9B95-418E-B797-51D76734F392}.Release|x64.Build.0 = Release|x64
		{9067DE12-9B95-418E-B797-51D76734F392}.Release|x86.ActiveCfg = Release|Win32
		{9067DE12-9B95-418E-B797-51D76734F392}.Release|x86.Build.0 = Release|Win32
		{06309076-CA84-4A5D-8678-EEABAE2946BB}.Debug|x64.ActiveCfg = Debug|x64
		{06309076-CA84-4A5D-8678-EEABAE2946BB}.Debug|x64.Build.0 = Debug|x64
		{06309076-CA84-4A5D-8678-EEABAE2946BB}.Debug|x86.ActiveCfg = Debug|Win32
		{06309076-CA84-4A5D-8678-EEABAE2946BB}.Debug|x86.Build.0 = Debug|Win32
		{06309076-CA84-4A5D-8678-EEABAE2946BB}.Release|x64.ActiveCfg = Release|x64
		{06309076-CA84-4A5D-8678-EEABAE2946BB}.Release|x64.Build.0 = Release|x64
		{06309076-CA84-4A5D-8678-EEABAE2946BB}.Release|x86.ActiveCfg = Release|Win32
		{06309076-CA84-4A5D-8678-EEABAE2946BB}.Release|x86.Build.0 = Release|Win32
	EndGlobalSection
	GlobalSection(SolutionProperties) = preSolution
		HideSolutionNode = FALSE
	EndGlobalSection
	GlobalSection(ExtensibilityGlobals) = postSolution
		SolutionGuid = {D5CBE6E6-D982-46D2-8BCA-A98388B8D2C7}
	EndGlobalSection
EndGlobal
